
Microsoft Visual Studio Solution File, Format Version 12.00
# Visual Studio Version 17
VisualStudioVersion = 17.5.33627.172
MinimumVisualStudioVersion = 10.0.40219.1
Project("{FAE04EC0-301F-11D3-BF4B-00C04F79EFBC}") = "Recipe Book", "Recipe Book\Recipe Book.csproj", "{48492DF8-C635-4BB4-84F3-8335C6FAC28E}"
EndProject
Global
	GlobalSection(SolutionConfigurationPlatforms) = preSolution
		Debug|Any CPU = Debug|Any CPU
		Release|Any CPU = Release|Any CPU
	EndGlobalSection
	GlobalSection(ProjectConfigurationPlatforms) = postSolution
		{48492DF8-C635-4BB4-84F3-8335C6FAC28E}.Debug|Any CPU.ActiveCfg = Debug|Any CPU
		{48492DF8-C635-4BB4-84F3-8335C6FAC28E}.Debug|Any CPU.Build.0 = Debug|Any CPU
		{48492DF8-C635-4BB4-84F3-8335C6FAC28E}.Release|Any CPU.ActiveCfg = Release|Any CPU
		{48492DF8-C635-4BB4-84F3-8335C6FAC28E}.Release|Any CPU.Build.0 = Release|Any CPU
	EndGlobalSection
	GlobalSection(SolutionProperties) = preSolution
		HideSolutionNode = FALSE
	EndGlobalSection
	GlobalSection(ExtensibilityGlobals) = postSolution
		SolutionGuid = {25A02B8D-D175-4A27-8826-CAC39C67F378}
	EndGlobalSection
EndGlobal
